
Microsoft Visual Studio Solution File, Format Version 12.00
# Visual Studio Version 17
VisualStudioVersion = 17.0.31903.59
MinimumVisualStudioVersion = 10.0.40219.1
Project("{F2A71F9B-5D33-465A-A702-920D77279786}") = "PowerSeries", "PowerSeries\PowerSeries.fsproj", "{37D184E4-6BBD-4E69-90B9-D4B04E8E9FA1}"
EndProject
Global
	GlobalSection(SolutionConfigurationPlatforms) = preSolution
		Debug|Any CPU = Debug|Any CPU
		Release|Any CPU = Release|Any CPU
	EndGlobalSection
	GlobalSection(SolutionProperties) = preSolution
		HideSolutionNode = FALSE
	EndGlobalSection
	GlobalSection(ProjectConfigurationPlatforms) = postSolution
		{37D184E4-6BBD-4E69-90B9-D4B04E8E9FA1}.Debug|Any CPU.ActiveCfg = Debug|Any CPU
		{37D184E4-6BBD-4E69-90B9-D4B04E8E9FA1}.Debug|Any CPU.Build.0 = Debug|Any CPU
		{37D184E4-6BBD-4E69-90B9-D4B04E8E9FA1}.Release|Any CPU.ActiveCfg = Release|Any CPU
		{37D184E4-6BBD-4E69-90B9-D4B04E8E9FA1}.Release|Any CPU.Build.0 = Release|Any CPU
	EndGlobalSection
EndGlobal
